
Microsoft Visual Studio Solution File, Format Version 12.00
# Visual Studio 15
VisualStudioVersion = 15.0.26124.0
MinimumVisualStudioVersion = 15.0.26124.0
Project("{FAE04EC0-301F-11D3-BF4B-00C04F79EFBC}") = "ApplicationOffice.Common.Core", "ApplicationOffice.Common.Core\ApplicationOffice.Common.Core.csproj", "{9D6E5112-7D01-4B1C-AC88-ED8C506123F0}"
EndProject
Project("{FAE04EC0-301F-11D3-BF4B-00C04F79EFBC}") = "ApplicationOffice.Common.Api", "ApplicationOffice.Common.Api\ApplicationOffice.Common.Api.csproj", "{FEA772C4-B7B5-4D5C-B58B-33D371579B0E}"
EndProject
Project("{FAE04EC0-301F-11D3-BF4B-00C04F79EFBC}") = "ApplicationOffice.Common.Data", "ApplicationOffice.Common.Data\ApplicationOffice.Common.Data.csproj", "{1D87DFC8-2BE2-41A9-97D8-8197DB9A3D79}"
EndProject
Global
	GlobalSection(SolutionConfigurationPlatforms) = preSolution
		Debug|Any CPU = Debug|Any CPU
		Debug|x64 = Debug|x64
		Debug|x86 = Debug|x86
		Release|Any CPU = Release|Any CPU
		Release|x64 = Release|x64
		Release|x86 = Release|x86
	EndGlobalSection
	GlobalSection(SolutionProperties) = preSolution
		HideSolutionNode = FALSE
	EndGlobalSection
	GlobalSection(ProjectConfigurationPlatforms) = postSolution
		{9D6E5112-7D01-4B1C-AC88-ED8C506123F0}.Debug|Any CPU.ActiveCfg = Debug|Any CPU
		{9D6E5112-7D01-4B1C-AC88-ED8C506123F0}.Debug|Any CPU.Build.0 = Debug|Any CPU
		{9D6E5112-7D01-4B1C-AC88-ED8C506123F0}.Debug|x64.ActiveCfg = Debug|Any CPU
		{9D6E5112-7D01-4B1C-AC88-ED8C506123F0}.Debug|x64.Build.0 = Debug|Any CPU
		{9D6E5112-7D01-4B1C-AC88-ED8C506123F0}.Debug|x86.ActiveCfg = Debug|Any CPU
		{9D6E5112-7D01-4B1C-AC88-ED8C506123F0}.Debug|x86.Build.0 = Debug|Any CPU
		{9D6E5112-7D01-4B1C-AC88-ED8C506123F0}.Release|Any CPU.ActiveCfg = Release|Any CPU
		{9D6E5112-7D01-4B1C-AC88-ED8C506123F0}.Release|Any CPU.Build.0 = Release|Any CPU
		{9D6E5112-7D01-4B1C-AC88-ED8C506123F0}.Release|x64.ActiveCfg = Release|Any CPU
		{9D6E5112-7D01-4B1C-AC88-ED8C506123F0}.Release|x64.Build.0 = Release|Any CPU
		{9D6E5112-7D01-4B1C-AC88-ED8C506123F0}.Release|x86.ActiveCfg = Release|Any CPU
		{9D6E5112-7D01-4B1C-AC88-ED8C506123F0}.Release|x86.Build.0 = Release|Any CPU
		{FEA772C4-B7B5-4D5C-B58B-33D371579B0E}.Debug|Any CPU.ActiveCfg = Debug|Any CPU
		{FEA772C4-B7B5-4D5C-B58B-33D371579B0E}.Debug|Any CPU.Build.0 = Debug|Any CPU
		{FEA772C4-B7B5-4D5C-B58B-33D371579B0E}.Debug|x64.ActiveCfg = Debug|Any CPU
		{FEA772C4-B7B5-4D5C-B58B-33D371579B0E}.Debug|x64.Build.0 = Debug|Any CPU
		{FEA772C4-B7B5-4D5C-B58B-33D371579B0E}.Debug|x86.ActiveCfg = Debug|Any CPU
		{FEA772C4-B7B5-4D5C-B58B-33D371579B0E}.Debug|x86.Build.0 = Debug|Any CPU
		{FEA772C4-B7B5-4D5C-B58B-33D371579B0E}.Release|Any CPU.ActiveCfg = Release|Any CPU
		{FEA772C4-B7B5-4D5C-B58B-33D371579B0E}.Release|Any CPU.Build.0 = Release|Any CPU
		{FEA772C4-B7B5-4D5C-B58B-33D371579B0E}.Release|x64.ActiveCfg = Release|Any CPU
		{FEA772C4-B7B5-4D5C-B58B-33D371579B0E}.Release|x64.Build.0 = Release|Any CPU
		{FEA772C4-B7B5-4D5C-B58B-33D371579B0E}.Release|x86.ActiveCfg = Release|Any CPU
		{FEA772C4-B7B5-4D5C-B58B-33D371579B0E}.Release|x86.Build.0 = Release|Any CPU
		{1D87DFC8-2BE2-41A9-97D8-8197DB9A3D79}.Debug|Any CPU.ActiveCfg = Debug|Any CPU
		{1D87DFC8-2BE2-41A9-97D8-8197DB9A3D79}.Debug|Any CPU.Build.0 = Debug|Any CPU
		{1D87DFC8-2BE2-41A9-97D8-8197DB9A3D79}.Debug|x64.ActiveCfg = Debug|Any CPU
		{1D87DFC8-2BE2-41A9-97D8-8197DB9A3D79}.Debug|x64.Build.0 = Debug|Any CPU
		{1D87DFC8-2BE2-41A9-97D8-8197DB9A3D79}.Debug|x86.ActiveCfg = Debug|Any CPU
		{1D87DFC8-2BE2-41A9-97D8-8197DB9A3D79}.Debug|x86.Build.0 = Debug|Any CPU
		{1D87DFC8-2BE2-41A9-97D8-8197DB9A3D79}.Release|Any CPU.ActiveCfg = Release|Any CPU
		{1D87DFC8-2BE2-41A9-97D8-8197DB9A3D79}.Release|Any CPU.Build.0 = Release|Any CPU
		{1D87DFC8-2BE2-41A9-97D8-8197DB9A3D79}.Release|x64.ActiveCfg = Release|Any CPU
		{1D87DFC8-2BE2-41A9-97D8-8197DB9A3D79}.Release|x64.Build.0 = Release|Any CPU
		{1D87DFC8-2BE2-41A9-97D8-8197DB9A3D79}.Release|x86.ActiveCfg = Release|Any CPU
		{1D87DFC8-2BE2-41A9-97D8-8197DB9A3D79}.Release|x86.Build.0 = Release|Any CPU
	EndGlobalSection
EndGlobal
